Microsoft Visual Studio Solution File, Format Version 12.00
# Visual Studio Version 17
VisualStudioVersion = 17.5.2.0
MinimumVisualStudioVersion = 10.0.40219.1
Project("{FAE04EC0-301F-11D3-BF4B-00C04F79EFBC}") = "GoldenGemsBackEnd", "GoldenGemsBackEnd.csproj", "{47F3823F-24B9-999A-F459-B3A255A92769}"
EndProject
Global
	GlobalSection(SolutionConfigurationPlatforms) = preSolution
		Debug|Any CPU = Debug|Any CPU
		Release|Any CPU = Release|Any CPU
	EndGlobalSection
	GlobalSection(ProjectConfigurationPlatforms) = postSolution
		{47F3823F-24B9-999A-F459-B3A255A92769}.Debug|Any CPU.ActiveCfg = Debug|Any CPU
		{47F3823F-24B9-999A-F459-B3A255A92769}.Debug|Any CPU.Build.0 = Debug|Any CPU
		{47F3823F-24B9-999A-F459-B3A255A92769}.Release|Any CPU.ActiveCfg = Release|Any CPU
		{47F3823F-24B9-999A-F459-B3A255A92769}.Release|Any CPU.Build.0 = Release|Any CPU
	EndGlobalSection
	GlobalSection(SolutionProperties) = preSolution
		HideSolutionNode = FALSE
	EndGlobalSection
	GlobalSection(ExtensibilityGlobals) = postSolution
		SolutionGuid = {EDBA236F-3E7A-4019-923A-2C24A47FC572}
	EndGlobalSection
EndGlobal
